// !$*UTF8*$!
{
	archiveVersion = 1;
	classes = {
	};
	objectVersion = 55;
	objects = {

/* Begin PBXBuildFile section */
		FAD34B032CAC50C30036ECD3 /* NewsAppApp.swift in Sources */ = {isa = PBXBuildFile; fileRef = FAD34B022CAC50C30036ECD3 /* NewsAppApp.swift */; };
		FAD34B052CAC50C30036ECD3 /* ContentView.swift in Sources */ = {isa = PBXBuildFile; fileRef = FAD34B042CAC50C30036ECD3 /* ContentView.swift */; };
		FAD34B072CAC50CF0036ECD3 /* Assets.xcassets in Resources */ = {isa = PBXBuildFile; fileRef = FAD34B062CAC50CF0036ECD3 /* Assets.xcassets */; };
		FAD34B0A2CAC50CF0036ECD3 /* Preview Assets.xcassets in Resources */ = {isa = PBXBuildFile; fileRef = FAD34B092CAC50CF0036ECD3 /* Preview Assets.xcassets */; };
		FAD34B142CAC50D00036ECD3 /* NewsAppTests.swift in Sources */ = {isa = PBXBuildFile; fileRef = FAD34B132CAC50D00036ECD3 /* NewsAppTests.swift */; };
		FAD34B1E2CAC50D00036ECD3 /* NewsAppUITests.swift in Sources */ = {isa = PBXBuildFile; fileRef = FAD34B1D2CAC50D00036ECD3 /* NewsAppUITests.swift */; };
		FAD34B202CAC50D00036ECD3 /* NewsAppUITestsLaunchTests.swift in Sources */ = {isa = PBXBuildFile; fileRef = FAD34B1F2CAC50D00036ECD3 /* NewsAppUITestsLaunchTests.swift */; };
		FAD34B2E2CAC530C0036ECD3 /* ArticleView.swift in Sources */ = {isa = PBXBuildFile; fileRef = FAD34B2D2CAC530C0036ECD3 /* ArticleView.swift */; };
		FAD34B312CAC54AB0036ECD3 /* ArticleViewModel.swift in Sources */ = {isa = PBXBuildFile; fileRef = FAD34B302CAC54AB0036ECD3 /* ArticleViewModel.swift */; };
		FAD34B342CAC556F0036ECD3 /* Article.swift in Sources */ = {isa = PBXBuildFile; fileRef = FAD34B332CAC556F0036ECD3 /* Article.swift */; };
		FAD34B372CAC55FC0036ECD3 /* ArticleService.swift in Sources */ = {isa = PBXBuildFile; fileRef = FAD34B362CAC55FC0036ECD3 /* ArticleService.swift */; };
		FAD34B3A2CAC59C90036ECD3 /* ArticleEndpoint.swift in Sources */ = {isa = PBXBuildFile; fileRef = FAD34B392CAC59C90036ECD3 /* ArticleEndpoint.swift */; };
		FAD34B3C2CAC5CA60036ECD3 /* ErrorView.swift in Sources */ = {isa = PBXBuildFile; fileRef = FAD34B3B2CAC5CA60036ECD3 /* ErrorView.swift */; };
		FAD34B3E2CAC67D20036ECD3 /* DetailView.swift in Sources */ = {isa = PBXBuildFile; fileRef = FAD34B3D2CAC67D20036ECD3 /* DetailView.swift */; };
		FAD34B402CAC75F70036ECD3 /* ArticleViewModelTests.swift in Sources */ = {isa = PBXBuildFile; fileRef = FAD34B3F2CAC75F70036ECD3 /* ArticleViewModelTests.swift */; };
		FAD34B422CAD22980036ECD3 /* MockArticleService.swift in Sources */ = {isa = PBXBuildFile; fileRef = FAD34B412CAD22980036ECD3 /* MockArticleService.swift */; };
		FAD34B482CAD24DE0036ECD3 /* Stub.json in Resources */ = {isa = PBXBuildFile; fileRef = FAD34B472CAD24DE0036ECD3 /* Stub.json */; };
/* End PBXBuildFile section */

/* Begin PBXContainerItemProxy section */
		FAD34B102CAC50D00036ECD3 /* PBXContainerItemProxy */ = {
			isa = PBXContainerItemProxy;
			containerPortal = FAD34AF72CAC50C30036ECD3 /* Project object */;
			proxyType = 1;
			remoteGlobalIDString = FAD34AFE2CAC50C30036ECD3;
			remoteInfo = NewsApp;
		};
		FAD34B1A2CAC50D00036ECD3 /* PBXContainerItemProxy */ = {
			isa = PBXContainerItemProxy;
			containerPortal = FAD34AF72CAC50C30036ECD3 /* Project object */;
			proxyType = 1;
			remoteGlobalIDString = FAD34AFE2CAC50C30036ECD3;
			remoteInfo = NewsApp;
		};
/* End PBXContainerItemProxy section */

/* Begin PBXFileReference section */
		FAD34AFF2CAC50C30036ECD3 /* NewsApp.app */ = {isa = PBXFileReference; explicitFileType = wrapper.application; includeInIndex = 0; path = NewsApp.app; sourceTree = BUILT_PRODUCTS_DIR; };
		FAD34B022CAC50C30036ECD3 /* NewsAppApp.swift */ = {isa = PBXFileReference; lastKnownFileType = sourcecode.swift; path = NewsAppApp.swift; sourceTree = "<group>"; };
		FAD34B042CAC50C30036ECD3 /* ContentView.swift */ = {isa = PBXFileReference; lastKnownFileType = sourcecode.swift; path = ContentView.swift; sourceTree = "<group>"; };
		FAD34B062CAC50CF0036ECD3 /* Assets.xcassets */ = {isa = PBXFileReference; lastKnownFileType = folder.assetcatalog; path = Assets.xcassets; sourceTree = "<group>"; };
		FAD34B092CAC50CF0036ECD3 /* Preview Assets.xcassets */ = {isa = PBXFileReference; lastKnownFileType = folder.assetcatalog; path = "Preview Assets.xcassets"; sourceTree = "<group>"; };
		FAD34B0F2CAC50D00036ECD3 /* NewsAppTests.xctest */ = {isa = PBXFileReference; explicitFileType = wrapper.cfbundle; includeInIndex = 0; path = NewsAppTests.xctest; sourceTree = BUILT_PRODUCTS_DIR; };
		FAD34B132CAC50D00036ECD3 /* NewsAppTests.swift */ = {isa = PBXFileReference; lastKnownFileType = sourcecode.swift; path = NewsAppTests.swift; sourceTree = "<group>"; };
		FAD34B192CAC50D00036ECD3 /* NewsAppUITests.xctest */ = {isa = PBXFileReference; explicitFileType = wrapper.cfbundle; includeInIndex = 0; path = NewsAppUITests.xctest; sourceTree = BUILT_PRODUCTS_DIR; };
		FAD34B1D2CAC50D00036ECD3 /* NewsAppUITests.swift */ = {isa = PBXFileReference; lastKnownFileType = sourcecode.swift; path = NewsAppUITests.swift; sourceTree = "<group>"; };
		FAD34B1F2CAC50D00036ECD3 /* NewsAppUITestsLaunchTests.swift */ = {isa = PBXFileReference; lastKnownFileType = sourcecode.swift; path = NewsAppUITestsLaunchTests.swift; sourceTree = "<group>"; };
		FAD34B2D2CAC530C0036ECD3 /* ArticleView.swift */ = {isa = PBXFileReference; lastKnownFileType = sourcecode.swift; path = ArticleView.swift; sourceTree = "<group>"; };
		FAD34B302CAC54AB0036ECD3 /* ArticleViewModel.swift */ = {isa = PBXFileReference; lastKnownFileType = sourcecode.swift; path = ArticleViewModel.swift; sourceTree = "<group>"; };
		FAD34B332CAC556F0036ECD3 /* Article.swift */ = {isa = PBXFileReference; lastKnownFileType = sourcecode.swift; path = Article.swift; sourceTree = "<group>"; };
		FAD34B362CAC55FC0036ECD3 /* ArticleService.swift */ = {isa = PBXFileReference; lastKnownFileType = sourcecode.swift; path = ArticleService.swift; sourceTree = "<group>"; };
		FAD34B392CAC59C90036ECD3 /* ArticleEndpoint.swift */ = {isa = PBXFileReference; lastKnownFileType = sourcecode.swift; path = ArticleEndpoint.swift; sourceTree = "<group>"; };
		FAD34B3B2CAC5CA60036ECD3 /* ErrorView.swift */ = {isa = PBXFileReference; lastKnownFileType = sourcecode.swift; path = ErrorView.swift; sourceTree = "<group>"; };
		FAD34B3D2CAC67D20036ECD3 /* DetailView.swift */ = {isa = PBXFileReference; lastKnownFileType = sourcecode.swift; path = DetailView.swift; sourceTree = "<group>"; };
		FAD34B3F2CAC75F70036ECD3 /* ArticleViewModelTests.swift */ = {isa = PBXFileReference; lastKnownFileType = sourcecode.swift; path = ArticleViewModelTests.swift; sourceTree = "<group>"; };
		FAD34B412CAD22980036ECD3 /* MockArticleService.swift */ = {isa = PBXFileReference; lastKnownFileType = sourcecode.swift; path = MockArticleService.swift; sourceTree = "<group>"; };
		FAD34B472CAD24DE0036ECD3 /* Stub.json */ = {isa = PBXFileReference; lastKnownFileType = text.json; path = Stub.json; sourceTree = "<group>"; };
/* End PBXFileReference section */

/* Begin PBXFrameworksBuildPhase section */
		FAD34AFC2CAC50C30036ECD3 /* Frameworks */ = {
			isa = PBXFrameworksBuildPhase;
			buildActionMask = 2147483647;
			files = (
			);
			runOnlyForDeploymentPostprocessing = 0;
		};
		FAD34B0C2CAC50D00036ECD3 /* Frameworks */ = {
			isa = PBXFrameworksBuildPhase;
			buildActionMask = 2147483647;
			files = (
			);
			runOnlyForDeploymentPostprocessing = 0;
		};
		FAD34B162CAC50D00036ECD3 /* Frameworks */ = {
			isa = PBXFrameworksBuildPhase;
			buildActionMask = 2147483647;
			files = (
			);
			runOnlyForDeploymentPostprocessing = 0;
		};
/* End PBXFrameworksBuildPhase section */

/* Begin PBXGroup section */
		FAD34AF62CAC50C30036ECD3 = {
			isa = PBXGroup;
			children = (
				FAD34B012CAC50C30036ECD3 /* NewsApp */,
				FAD34B122CAC50D00036ECD3 /* NewsAppTests */,
				FAD34B1C2CAC50D00036ECD3 /* NewsAppUITests */,
				FAD34B002CAC50C30036ECD3 /* Products */,
			);
			sourceTree = "<group>";
		};
		FAD34B002CAC50C30036ECD3 /* Products */ = {
			isa = PBXGroup;
			children = (
				FAD34AFF2CAC50C30036ECD3 /* NewsApp.app */,
				FAD34B0F2CAC50D00036ECD3 /* NewsAppTests.xctest */,
				FAD34B192CAC50D00036ECD3 /* NewsAppUITests.xctest */,
			);
			name = Products;
			sourceTree = "<group>";
		};
		FAD34B012CAC50C30036ECD3 /* NewsApp */ = {
			isa = PBXGroup;
			children = (
				FAD34B382CAC59AE0036ECD3 /* Endpoint */,
				FAD34B352CAC55E20036ECD3 /* Service */,
				FAD34B322CAC55510036ECD3 /* Model */,
				FAD34B2F2CAC548C0036ECD3 /* ViewModel */,
				FAD34B2C2CAC52F00036ECD3 /* Views */,
				FAD34B022CAC50C30036ECD3 /* NewsAppApp.swift */,
				FAD34B042CAC50C30036ECD3 /* ContentView.swift */,
				FAD34B062CAC50CF0036ECD3 /* Assets.xcassets */,
				FAD34B082CAC50CF0036ECD3 /* Preview Content */,
				FAD34B472CAD24DE0036ECD3 /* Stub.json */,
			);
			path = NewsApp;
			sourceTree = "<group>";
		};
		FAD34B082CAC50CF0036ECD3 /* Preview Content */ = {
			isa = PBXGroup;
			children = (
				FAD34B092CAC50CF0036ECD3 /* Preview Assets.xcassets */,
			);
			path = "Preview Content";
			sourceTree = "<group>";
		};
		FAD34B122CAC50D00036ECD3 /* NewsAppTests */ = {
			isa = PBXGroup;
			children = (
				FAD34B132CAC50D00036ECD3 /* NewsAppTests.swift */,
				FAD34B3F2CAC75F70036ECD3 /* ArticleViewModelTests.swift */,
				FAD34B412CAD22980036ECD3 /* MockArticleService.swift */,
			);
			path = NewsAppTests;
			sourceTree = "<group>";
		};
		FAD34B1C2CAC50D00036ECD3 /* NewsAppUITests */ = {
			isa = PBXGroup;
			children = (
				FAD34B1D2CAC50D00036ECD3 /* NewsAppUITests.swift */,
				FAD34B1F2CAC50D00036ECD3 /* NewsAppUITestsLaunchTests.swift */,
			);
			path = NewsAppUITests;
			sourceTree = "<group>";
		};
		FAD34B2C2CAC52F00036ECD3 /* Views */ = {
			isa = PBXGroup;
			children = (
				FAD34B2D2CAC530C0036ECD3 /* ArticleView.swift */,
				FAD34B3B2CAC5CA60036ECD3 /* ErrorView.swift */,
				FAD34B3D2CAC67D20036ECD3 /* DetailView.swift */,
			);
			path = Views;
			sourceTree = "<group>";
		};
		FAD34B2F2CAC548C0036ECD3 /* ViewModel */ = {
			isa = PBXGroup;
			children = (
				FAD34B302CAC54AB0036ECD3 /* ArticleViewModel.swift */,
			);
			path = ViewModel;
			sourceTree = "<group>";
		};
		FAD34B322CAC55510036ECD3 /* Model */ = {
			isa = PBXGroup;
			children = (
				FAD34B332CAC556F0036ECD3 /* Article.swift */,
			);
			path = Model;
			sourceTree = "<group>";
		};
		FAD34B352CAC55E20036ECD3 /* Service */ = {
			isa = PBXGroup;
			children = (
				FAD34B362CAC55FC0036ECD3 /* ArticleService.swift */,
			);
			path = Service;
			sourceTree = "<group>";
		};
		FAD34B382CAC59AE0036ECD3 /* Endpoint */ = {
			isa = PBXGroup;
			children = (
				FAD34B392CAC59C90036ECD3 /* ArticleEndpoint.swift */,
			);
			path = Endpoint;
			sourceTree = "<group>";
		};
/* End PBXGroup section */

/* Begin PBXNativeTarget section */
		FAD34AFE2CAC50C30036ECD3 /* NewsApp */ = {
			isa = PBXNativeTarget;
			buildConfigurationList = FAD34B232CAC50D00036ECD3 /* Build configuration list for PBXNativeTarget "NewsApp" */;
			buildPhases = (
				FAD34AFB2CAC50C30036ECD3 /* Sources */,
				FAD34AFC2CAC50C30036ECD3 /* Frameworks */,
				FAD34AFD2CAC50C30036ECD3 /* Resources */,
			);
			buildRules = (
			);
			dependencies = (
			);
			name = NewsApp;
			productName = NewsApp;
			productReference = FAD34AFF2CAC50C30036ECD3 /* NewsApp.app */;
			productType = "com.apple.product-type.application";
		};
		FAD34B0E2CAC50D00036ECD3 /* NewsAppTests */ = {
			isa = PBXNativeTarget;
			buildConfigurationList = FAD34B262CAC50D00036ECD3 /* Build configuration list for PBXNativeTarget "NewsAppTests" */;
			buildPhases = (
				FAD34B0B2CAC50D00036ECD3 /* Sources */,
				FAD34B0C2CAC50D00036ECD3 /* Frameworks */,
				FAD34B0D2CAC50D00036ECD3 /* Resources */,
			);
			buildRules = (
			);
			dependencies = (
				FAD34B112CAC50D00036ECD3 /* PBXTargetDependency */,
			);
			name = NewsAppTests;
			productName = NewsAppTests;
			productReference = FAD34B0F2CAC50D00036ECD3 /* NewsAppTests.xctest */;
			productType = "com.apple.product-type.bundle.unit-test";
		};
		FAD34B182CAC50D00036ECD3 /* NewsAppUITests */ = {
			isa = PBXNativeTarget;
			buildConfigurationList = FAD34B292CAC50D00036ECD3 /* Build configuration list for PBXNativeTarget "NewsAppUITests" */;
			buildPhases = (
				FAD34B152CAC50D00036ECD3 /* Sources */,
				FAD34B162CAC50D00036ECD3 /* Frameworks */,
				FAD34B172CAC50D00036ECD3 /* Resources */,
			);
			buildRules = (
			);
			dependencies = (
				FAD34B1B2CAC50D00036ECD3 /* PBXTargetDependency */,
			);
			name = NewsAppUITests;
			productName = NewsAppUITests;
			productReference = FAD34B192CAC50D00036ECD3 /* NewsAppUITests.xctest */;
			productType = "com.apple.product-type.bundle.ui-testing";
		};
/* End PBXNativeTarget section */

/* Begin PBXProject section */
		FAD34AF72CAC50C30036ECD3 /* Project object */ = {
			isa = PBXProject;
			attributes = {
				BuildIndependentTargetsInParallel = 1;
				LastSwiftUpdateCheck = 1310;
				LastUpgradeCheck = 1310;
				TargetAttributes = {
					FAD34AFE2CAC50C30036ECD3 = {
						CreatedOnToolsVersion = 13.1;
					};
					FAD34B0E2CAC50D00036ECD3 = {
						CreatedOnToolsVersion = 13.1;
						TestTargetID = FAD34AFE2CAC50C30036ECD3;
					};
					FAD34B182CAC50D00036ECD3 = {
						CreatedOnToolsVersion = 13.1;
						TestTargetID = FAD34AFE2CAC50C30036ECD3;
					};
				};
			};
			buildConfigurationList = FAD34AFA2CAC50C30036ECD3 /* Build configuration list for PBXProject "NewsApp" */;
			compatibilityVersion = "Xcode 13.0";
			developmentRegion = en;
			hasScannedForEncodings = 0;
			knownRegions = (
				en,
				Base,
			);
			mainGroup = FAD34AF62CAC50C30036ECD3;
			productRefGroup = FAD34B002CAC50C30036ECD3 /* Products */;
			projectDirPath = "";
			projectRoot = "";
			targets = (
				FAD34AFE2CAC50C30036ECD3 /* NewsApp */,
				FAD34B0E2CAC50D00036ECD3 /* NewsAppTests */,
				FAD34B182CAC50D00036ECD3 /* NewsAppUITests */,
			);
		};
/* End PBXProject section */

/* Begin PBXResourcesBuildPhase section */
		FAD34AFD2CAC50C30036ECD3 /* Resources */ = {
			isa = PBXResourcesBuildPhase;
			buildActionMask = 2147483647;
			files = (
				FAD34B0A2CAC50CF0036ECD3 /* Preview Assets.xcassets in Resources */,
				FAD34B072CAC50CF0036ECD3 /* Assets.xcassets in Resources */,
				FAD34B482CAD24DE0036ECD3 /* Stub.json in Resources */,
			);
			runOnlyForDeploymentPostprocessing = 0;
		};
		FAD34B0D2CAC50D00036ECD3 /* Resources */ = {
			isa = PBXResourcesBuildPhase;
			buildActionMask = 2147483647;
			files = (
			);
			runOnlyForDeploymentPostprocessing = 0;
		};
		FAD34B172CAC50D00036ECD3 /* Resources */ = {
			isa = PBXResourcesBuildPhase;
			buildActionMask = 2147483647;
			files = (
			);
			runOnlyForDeploymentPostprocessing = 0;
		};
/* End PBXResourcesBuildPhase section */

/* Begin PBXSourcesBuildPhase section */
		FAD34AFB2CAC50C30036ECD3 /* Sources */ = {
			isa = PBXSourcesBuildPhase;
			buildActionMask = 2147483647;
			files = (
				FAD34B052CAC50C30036ECD3 /* ContentView.swift in Sources */,
				FAD34B3E2CAC67D20036ECD3 /* DetailView.swift in Sources */,
				FAD34B312CAC54AB0036ECD3 /* ArticleViewModel.swift in Sources */,
				FAD34B372CAC55FC0036ECD3 /* ArticleService.swift in Sources */,
				FAD34B3A2CAC59C90036ECD3 /* ArticleEndpoint.swift in Sources */,
				FAD34B2E2CAC530C0036ECD3 /* ArticleView.swift in Sources */,
				FAD34B032CAC50C30036ECD3 /* NewsAppApp.swift in Sources */,
				FAD34B342CAC556F0036ECD3 /* Article.swift in Sources */,
				FAD34B3C2CAC5CA60036ECD3 /* ErrorView.swift in Sources */,
			);
			runOnlyForDeploymentPostprocessing = 0;
		};
		FAD34B0B2CAC50D00036ECD3 /* Sources */ = {
			isa = PBXSourcesBuildPhase;
			buildActionMask = 2147483647;
			files = (
				FAD34B142CAC50D00036ECD3 /* NewsAppTests.swift in Sources */,
				FAD34B402CAC75F70036ECD3 /* ArticleViewModelTests.swift in Sources */,
				FAD34B422CAD22980036ECD3 /* MockArticleService.swift in Sources */,
			);
			runOnlyForDeploymentPostprocessing = 0;
		};
		FAD34B152CAC50D00036ECD3 /* Sources */ = {
			isa = PBXSourcesBuildPhase;
			buildActionMask = 2147483647;
			files = (
				FAD34B1E2CAC50D00036ECD3 /* NewsAppUITests.swift in Sources */,
				FAD34B202CAC50D00036ECD3 /* NewsAppUITestsLaunchTests.swift in Sources */,
			);
			runOnlyForDeploymentPostprocessing = 0;
		};
/* End PBXSourcesBuildPhase section */

/* Begin PBXTargetDependency section */
		FAD34B112CAC50D00036ECD3 /* PBXTargetDependency */ = {
			isa = PBXTargetDependency;
			target = FAD34AFE2CAC50C30036ECD3 /* NewsApp */;
			targetProxy = FAD34B102CAC50D00036ECD3 /* PBXContainerItemProxy */;
		};
		FAD34B1B2CAC50D00036ECD3 /* PBXTargetDependency */ = {
			isa = PBXTargetDependency;
			target = FAD34AFE2CAC50C30036ECD3 /* NewsApp */;
			targetProxy = FAD34B1A2CAC50D00036ECD3 /* PBXContainerItemProxy */;
		};
/* End PBXTargetDependency section */

/* Begin XCBuildConfiguration section */
		FAD34B212CAC50D00036ECD3 /* Debug */ = {
			isa = XCBuildConfiguration;
			buildSettings = {
				ALWAYS_SEARCH_USER_PATHS = NO;
				CLANG_ANALYZER_NONNULL = YES;
				CLANG_ANALYZER_NUMBER_OBJECT_CONVERSION = YES_AGGRESSIVE;
				CLANG_CXX_LANGUAGE_STANDARD = "gnu++17";
				CLANG_CXX_LIBRARY = "libc++";
				CLANG_ENABLE_MODULES = YES;
				CLANG_ENABLE_OBJC_ARC = YES;
				CLANG_ENABLE_OBJC_WEAK = YES;
				CLANG_WARN_BLOCK_CAPTURE_AUTORELEASING = YES;
				CLANG_WARN_BOOL_CONVERSION = YES;
				CLANG_WARN_COMMA = YES;
				CLANG_WARN_CONSTANT_CONVERSION = YES;
				CLANG_WARN_DEPRECATED_OBJC_IMPLEMENTATIONS = YES;
				CLANG_WARN_DIRECT_OBJC_ISA_USAGE = YES_ERROR;
				CLANG_WARN_DOCUMENTATION_COMMENTS = YES;
				CLANG_WARN_EMPTY_BODY = YES;
				CLANG_WARN_ENUM_CONVERSION = YES;
				CLANG_WARN_INFINITE_RECURSION = YES;
				CLANG_WARN_INT_CONVERSION = YES;
				CLANG_WARN_NON_LITERAL_NULL_CONVERSION = YES;
				CLANG_WARN_OBJC_IMPLICIT_RETAIN_SELF = YES;
				CLANG_WARN_OBJC_LITERAL_CONVERSION = YES;
				CLANG_WARN_OBJC_ROOT_CLASS = YES_ERROR;
				CLANG_WARN_QUOTED_INCLUDE_IN_FRAMEWORK_HEADER = YES;
				CLANG_WARN_RANGE_LOOP_ANALYSIS = YES;
				CLANG_WARN_STRICT_PROTOTYPES = YES;
				CLANG_WARN_SUSPICIOUS_MOVE = YES;
				CLANG_WARN_UNGUARDED_AVAILABILITY = YES_AGGRESSIVE;
				CLANG_WARN_UNREACHABLE_CODE = YES;
				CLANG_WARN__DUPLICATE_METHOD_MATCH = YES;
				COPY_PHASE_STRIP = NO;
				DEBUG_INFORMATION_FORMAT = dwarf;
				ENABLE_STRICT_OBJC_MSGSEND = YES;
				ENABLE_TESTABILITY = YES;
				GCC_C_LANGUAGE_STANDARD = gnu11;
				GCC_DYNAMIC_NO_PIC = NO;
				GCC_NO_COMMON_BLOCKS = YES;
				GCC_OPTIMIZATION_LEVEL = 0;
				GCC_PREPROCESSOR_DEFINITIONS = (
					"DEBUG=1",
					"$(inherited)",
				);
				GCC_WARN_64_TO_32_BIT_CONVERSION = YES;
				GCC_WARN_ABOUT_RETURN_TYPE = YES_ERROR;
				GCC_WARN_UNDECLARED_SELECTOR = YES;
				GCC_WARN_UNINITIALIZED_AUTOS = YES_AGGRESSIVE;
				GCC_WARN_UNUSED_FUNCTION = YES;
				GCC_WARN_UNUSED_VARIABLE = YES;
				IPHONEOS_DEPLOYMENT_TARGET = 15.0;
				MTL_ENABLE_DEBUG_INFO = INCLUDE_SOURCE;
				MTL_FAST_MATH = YES;
				ONLY_ACTIVE_ARCH = YES;
				SDKROOT = iphoneos;
				SWIFT_ACTIVE_COMPILATION_CONDITIONS = DEBUG;
				SWIFT_OPTIMIZATION_LEVEL = "-Onone";
			};
			name = Debug;
		};
		FAD34B222CAC50D00036ECD3 /* Release */ = {
			isa = XCBuildConfiguration;
			buildSettings = {
				ALWAYS_SEARCH_USER_PATHS = NO;
				CLANG_ANALYZER_NONNULL = YES;
				CLANG_ANALYZER_NUMBER_OBJECT_CONVERSION = YES_AGGRESSIVE;
				CLANG_CXX_LANGUAGE_STANDARD = "gnu++17";
				CLANG_CXX_LIBRARY = "libc++";
				CLANG_ENABLE_MODULES = YES;
				CLANG_ENABLE_OBJC_ARC = YES;
				CLANG_ENABLE_OBJC_WEAK = YES;
				CLANG_WARN_BLOCK_CAPTURE_AUTORELEASING = YES;
				CLANG_WARN_BOOL_CONVERSION = YES;
				CLANG_WARN_COMMA = YES;
				CLANG_WARN_CONSTANT_CONVERSION = YES;
				CLANG_WARN_DEPRECATED_OBJC_IMPLEMENTATIONS = YES;
				CLANG_WARN_DIRECT_OBJC_ISA_USAGE = YES_ERROR;
				CLANG_WARN_DOCUMENTATION_COMMENTS = YES;
				CLANG_WARN_EMPTY_BODY = YES;
				CLANG_WARN_ENUM_CONVERSION = YES;
				CLANG_WARN_INFINITE_RECURSION = YES;
				CLANG_WARN_INT_CONVERSION = YES;
				CLANG_WARN_NON_LITERAL_NULL_CONVERSION = YES;
				CLANG_WARN_OBJC_IMPLICIT_RETAIN_SELF = YES;
				CLANG_WARN_OBJC_LITERAL_CONVERSION = YES;
				CLANG_WARN_OBJC_ROOT_CLASS = YES_ERROR;
				CLANG_WARN_QUOTED_INCLUDE_IN_FRAMEWORK_HEADER = YES;
				CLANG_WARN_RANGE_LOOP_ANALYSIS = YES;
				CLANG_WARN_STRICT_PROTOTYPES = YES;
				CLANG_WARN_SUSPICIOUS_MOVE = YES;
				CLANG_WARN_UNGUARDED_AVAILABILITY = YES_AGGRESSIVE;
				CLANG_WARN_UNREACHABLE_CODE = YES;
				CLANG_WARN__DUPLICATE_METHOD_MATCH = YES;
				COPY_PHASE_STRIP = NO;
				DEBUG_INFORMATION_FORMAT = "dwarf-with-dsym";
				ENABLE_NS_ASSERTIONS = NO;
				ENABLE_STRICT_OBJC_MSGSEND = YES;
				GCC_C_LANGUAGE_STANDARD = gnu11;
				GCC_NO_COMMON_BLOCKS = YES;
				GCC_WARN_64_TO_32_BIT_CONVERSION = YES;
				GCC_WARN_ABOUT_RETURN_TYPE = YES_ERROR;
				GCC_WARN_UNDECLARED_SELECTOR = YES;
				GCC_WARN_UNINITIALIZED_AUTOS = YES_AGGRESSIVE;
				GCC_WARN_UNUSED_FUNCTION = YES;
				GCC_WARN_UNUSED_VARIABLE = YES;
				IPHONEOS_DEPLOYMENT_TARGET = 15.0;
				MTL_ENABLE_DEBUG_INFO = NO;
				MTL_FAST_MATH = YES;
				SDKROOT = iphoneos;
				SWIFT_COMPILATION_MODE = wholemodule;
				SWIFT_OPTIMIZATION_LEVEL = "-O";
				VALIDATE_PRODUCT = YES;
			};
			name = Release;
		};
		FAD34B242CAC50D00036ECD3 /* Debug */ = {
			isa = XCBuildConfiguration;
			buildSettings = {
				ASSETCATALOG_COMPILER_APPICON_NAME = AppIcon;
				ASSETCATALOG_COMPILER_GLOBAL_ACCENT_COLOR_NAME = AccentColor;
				CODE_SIGN_STYLE = Automatic;
				CURRENT_PROJECT_VERSION = 1;
				DEVELOPMENT_ASSET_PATHS = "\"NewsApp/Preview Content\"";
				DEVELOPMENT_TEAM = 2CLN4NS9AK;
				ENABLE_PREVIEWS = YES;
				GENERATE_INFOPLIST_FILE = YES;
				INFOPLIST_KEY_UIApplicationSceneManifest_Generation = YES;
				INFOPLIST_KEY_UIApplicationSupportsIndirectInputEvents = YES;
				INFOPLIST_KEY_UILaunchScreen_Generation = YES;
				INFOPLIST_KEY_UISupportedInterfaceOrientations_iPad = "UIInterfaceOrientationPortrait UIInterfaceOrientationPortraitUpsideDown UIInterfaceOrientationLandscapeLeft UIInterfaceOrientationLandscapeRight";
				INFOPLIST_KEY_UISupportedInterfaceOrientations_iPhone = "UIInterfaceOrientationPortrait UIInterfaceOrientationLandscapeLeft UIInterfaceOrientationLandscapeRight";
				LD_RUNPATH_SEARCH_PATHS = (
					"$(inherited)",
					"@executable_path/Frameworks",
				);
				MARKETING_VERSION = 1.0;
				PRODUCT_BUNDLE_IDENTIFIER = com.basha.pushent.NewsApp;
				PRODUCT_NAME = "$(TARGET_NAME)";
				SWIFT_EMIT_LOC_STRINGS = YES;
				SWIFT_VERSION = 5.0;
				TARGETED_DEVICE_FAMILY = "1,2";
			};
			name = Debug;
		};
		FAD34B252CAC50D00036ECD3 /* Release */ = {
			isa = XCBuildConfiguration;
			buildSettings = {
				ASSETCATALOG_COMPILER_APPICON_NAME = AppIcon;
				ASSETCATALOG_COMPILER_GLOBAL_ACCENT_COLOR_NAME = AccentColor;
				CODE_SIGN_STYLE = Automatic;
				CURRENT_PROJECT_VERSION = 1;
				DEVELOPMENT_ASSET_PATHS = "\"NewsApp/Preview Content\"";
				DEVELOPMENT_TEAM = 2CLN4NS9AK;
				ENABLE_PREVIEWS = YES;
				GENERATE_INFOPLIST_FILE = YES;
				INFOPLIST_KEY_UIApplicationSceneManifest_Generation = YES;
				INFOPLIST_KEY_UIApplicationSupportsIndirectInputEvents = YES;
				INFOPLIST_KEY_UILaunchScreen_Generation = YES;
				INFOPLIST_KEY_UISupportedInterfaceOrientations_iPad = "UIInterfaceOrientationPortrait UIInterfaceOrientationPortraitUpsideDown UIInterfaceOrientationLandscapeLeft UIInterfaceOrientationLandscapeRight";
				INFOPLIST_KEY_UISupportedInterfaceOrientations_iPhone = "UIInterfaceOrientationPortrait UIInterfaceOrientationLandscapeLeft UIInterfaceOrientationLandscapeRight";
				LD_RUNPATH_SEARCH_PATHS = (
					"$(inherited)",
					"@executable_path/Frameworks",
				);
				MARKETING_VERSION = 1.0;
				PRODUCT_BUNDLE_IDENTIFIER = com.basha.pushent.NewsApp;
				PRODUCT_NAME = "$(TARGET_NAME)";
				SWIFT_EMIT_LOC_STRINGS = YES;
				SWIFT_VERSION = 5.0;
				TARGETED_DEVICE_FAMILY = "1,2";
			};
			name = Release;
		};
		FAD34B272CAC50D00036ECD3 /* Debug */ = {
			isa = XCBuildConfiguration;
			buildSettings = {
				ALWAYS_EMBED_SWIFT_STANDARD_LIBRARIES = YES;
				BUNDLE_LOADER = "$(TEST_HOST)";
				CODE_SIGN_STYLE = Automatic;
				CURRENT_PROJECT_VERSION = 1;
				DEVELOPMENT_TEAM = 2CLN4NS9AK;
				GENERATE_INFOPLIST_FILE = YES;
				IPHONEOS_DEPLOYMENT_TARGET = 15.0;
				LD_RUNPATH_SEARCH_PATHS = (
					"$(inherited)",
					"@executable_path/Frameworks",
					"@loader_path/Frameworks",
				);
				MARKETING_VERSION = 1.0;
				PRODUCT_BUNDLE_IDENTIFIER = com.basha.pushent.NewsAppTests;
				PRODUCT_NAME = "$(TARGET_NAME)";
				SWIFT_EMIT_LOC_STRINGS = NO;
				SWIFT_VERSION = 5.0;
				TARGETED_DEVICE_FAMILY = "1,2";
				TEST_HOST = "$(BUILT_PRODUCTS_DIR)/NewsApp.app/NewsApp";
			};
			name = Debug;
		};
		FAD34B282CAC50D00036ECD3 /* Release */ = {
			isa = XCBuildConfiguration;
			buildSettings = {
				ALWAYS_EMBED_SWIFT_STANDARD_LIBRARIES = YES;
				BUNDLE_LOADER = "$(TEST_HOST)";
				CODE_SIGN_STYLE = Automatic;
				CURRENT_PROJECT_VERSION = 1;
				DEVELOPMENT_TEAM = 2CLN4NS9AK;
				GENERATE_INFOPLIST_FILE = YES;
				IPHONEOS_DEPLOYMENT_TARGET = 15.0;
				LD_RUNPATH_SEARCH_PATHS = (
					"$(inherited)",
					"@executable_path/Frameworks",
					"@loader_path/Frameworks",
				);
				MARKETING_VERSION = 1.0;
				PRODUCT_BUNDLE_IDENTIFIER = com.basha.pushent.NewsAppTests;
				PRODUCT_NAME = "$(TARGET_NAME)";
				SWIFT_EMIT_LOC_STRINGS = NO;
				SWIFT_VERSION = 5.0;
				TARGETED_DEVICE_FAMILY = "1,2";
				TEST_HOST = "$(BUILT_PRODUCTS_DIR)/NewsApp.app/NewsApp";
			};
			name = Release;
		};
		FAD34B2A2CAC50D00036ECD3 /* Debug */ = {
			isa = XCBuildConfiguration;
			buildSettings = {
				ALWAYS_EMBED_SWIFT_STANDARD_LIBRARIES = YES;
				CODE_SIGN_STYLE = Automatic;
				CURRENT_PROJECT_VERSION = 1;
				DEVELOPMENT_TEAM = 2CLN4NS9AK;
				GENERATE_INFOPLIST_FILE = YES;
				LD_RUNPATH_SEARCH_PATHS = (
					"$(inherited)",
					"@executable_path/Frameworks",
					"@loader_path/Frameworks",
				);
				MARKETING_VERSION = 1.0;
				PRODUCT_BUNDLE_IDENTIFIER = com.basha.pushent.NewsAppUITests;
				PRODUCT_NAME = "$(TARGET_NAME)";
				SWIFT_EMIT_LOC_STRINGS = NO;
				SWIFT_VERSION = 5.0;
				TARGETED_DEVICE_FAMILY = "1,2";
				TEST_TARGET_NAME = NewsApp;
			};
			name = Debug;
		};
		FAD34B2B2CAC50D00036ECD3 /* Release */ = {
			isa = XCBuildConfiguration;
			buildSettings = {
				ALWAYS_EMBED_SWIFT_STANDARD_LIBRARIES = YES;
				CODE_SIGN_STYLE = Automatic;
				CURRENT_PROJECT_VERSION = 1;
				DEVELOPMENT_TEAM = 2CLN4NS9AK;
				GENERATE_INFOPLIST_FILE = YES;
				LD_RUNPATH_SEARCH_PATHS = (
					"$(inherited)",
					"@executable_path/Frameworks",
					"@loader_path/Frameworks",
				);
				MARKETING_VERSION = 1.0;
				PRODUCT_BUNDLE_IDENTIFIER = com.basha.pushent.NewsAppUITests;
				PRODUCT_NAME = "$(TARGET_NAME)";
				SWIFT_EMIT_LOC_STRINGS = NO;
				SWIFT_VERSION = 5.0;
				TARGETED_DEVICE_FAMILY = "1,2";
				TEST_TARGET_NAME = NewsApp;
			};
			name = Release;
		};
/* End XCBuildConfiguration section */

/* Begin XCConfigurationList section */
		FAD34AFA2CAC50C30036ECD3 /* Build configuration list for PBXProject "NewsApp" */ = {
			isa = XCConfigurationList;
			buildConfigurations = (
				FAD34B212CAC50D00036ECD3 /* Debug */,
				FAD34B222CAC50D00036ECD3 /* Release */,
			);
			defaultConfigurationIsVisible = 0;
			defaultConfigurationName = Release;
		};
		FAD34B232CAC50D00036ECD3 /* Build configuration list for PBXNativeTarget "NewsApp" */ = {
			isa = XCConfigurationList;
			buildConfigurations = (
				FAD34B242CAC50D00036ECD3 /* Debug */,
				FAD34B252CAC50D00036ECD3 /* Release */,
			);
			defaultConfigurationIsVisible = 0;
			defaultConfigurationName = Release;
		};
		FAD34B262CAC50D00036ECD3 /* Build configuration list for PBXNativeTarget "NewsAppTests" */ = {
			isa = XCConfigurationList;
			buildConfigurations = (
				FAD34B272CAC50D00036ECD3 /* Debug */,
				FAD34B282CAC50D00036ECD3 /* Release */,
			);
			defaultConfigurationIsVisible = 0;
			defaultConfigurationName = Release;
		};
		FAD34B292CAC50D00036ECD3 /* Build configuration list for PBXNativeTarget "NewsAppUITests" */ = {
			isa = XCConfigurationList;
			buildConfigurations = (
				FAD34B2A2CAC50D00036ECD3 /* Debug */,
				FAD34B2B2CAC50D00036ECD3 /* Release */,
			);
			defaultConfigurationIsVisible = 0;
			defaultConfigurationName = Release;
		};
/* End XCConfigurationList section */
	};
	rootObject = FAD34AF72CAC50C30036ECD3 /* Project object */;
}
